
Microsoft Visual Studio Solution File, Format Version 12.00
# Visual Studio Version 17
VisualStudioVersion = 17.0.31903.59
MinimumVisualStudioVersion = 10.0.40219.1
Project("{FAE04EC0-301F-11D3-BF4B-00C04F79EFBC}") = "EsiritoriApi.Api", "EsiritoriApi.Api\EsiritoriApi.Api.csproj", "{7B5CE1FB-1F07-4EB2-BC38-CA473CAF9204}"
EndProject
Project("{FAE04EC0-301F-11D3-BF4B-00C04F79EFBC}") = "EsiritoriApi.Domain", "EsiritoriApi.Domain\EsiritoriApi.Domain.csproj", "{144664A5-9B93-4A63-BE63-EB7F26714F46}"
EndProject
Project("{FAE04EC0-301F-11D3-BF4B-00C04F79EFBC}") = "EsiritoriApi.Application", "EsiritoriApi.Application\EsiritoriApi.Application.csproj", "{7C2E5245-71A1-40E6-8A7E-B7909E32648A}"
EndProject
Project("{FAE04EC0-301F-11D3-BF4B-00C04F79EFBC}") = "EsiritoriApi.Infrastructure", "EsiritoriApi.Infrastructure\EsiritoriApi.Infrastructure.csproj", "{33B548E3-31F8-484B-968A-BA27AFE29985}"
EndProject
Project("{FAE04EC0-301F-11D3-BF4B-00C04F79EFBC}") = "EsiritoriApi.Domain.Tests", "EsiritoriApi.Domain.Tests\EsiritoriApi.Domain.Tests.csproj", "{3904437E-A42E-4AE7-A13A-68D302E360CC}"
EndProject
Project("{FAE04EC0-301F-11D3-BF4B-00C04F79EFBC}") = "EsiritoriApi.Application.Tests", "EsiritoriApi.Application.Tests\EsiritoriApi.Application.Tests.csproj", "{D03E2EB0-D558-4FB5-8E0B-2E7AA7010AD4}"
EndProject
Project("{FAE04EC0-301F-11D3-BF4B-00C04F79EFBC}") = "EsiritoriApi.Infrastructure.Tests", "EsiritoriApi.Infrastructure.Tests\EsiritoriApi.Infrastructure.Tests.csproj", "{081B29D8-7A96-4A6D-AFB6-961737A17125}"
EndProject
Project("{FAE04EC0-301F-11D3-BF4B-00C04F79EFBC}") = "EsiritoriApi.Api.Tests", "EsiritoriApi.Api.Tests\EsiritoriApi.Api.Tests.csproj", "{D9623A01-B6D5-4BAB-B5D0-F692750BC0A3}"
EndProject
Project("{FAE04EC0-301F-11D3-BF4B-00C04F79EFBC}") = "EsiritoriApi.Integration.Tests", "EsiritoriApi.Integration.Tests\EsiritoriApi.Integration.Tests.csproj", "{00053455-EE52-4EFB-973D-A2DB87AFA791}"
EndProject
Global
	GlobalSection(SolutionConfigurationPlatforms) = preSolution
		Debug|Any CPU = Debug|Any CPU
		Release|Any CPU = Release|Any CPU
	EndGlobalSection
	GlobalSection(SolutionProperties) = preSolution
		HideSolutionNode = FALSE
	EndGlobalSection
	GlobalSection(ProjectConfigurationPlatforms) = postSolution
		{7B5CE1FB-1F07-4EB2-BC38-CA473CAF9204}.Debug|Any CPU.ActiveCfg = Debug|Any CPU
		{7B5CE1FB-1F07-4EB2-BC38-CA473CAF9204}.Debug|Any CPU.Build.0 = Debug|Any CPU
		{7B5CE1FB-1F07-4EB2-BC38-CA473CAF9204}.Release|Any CPU.ActiveCfg = Release|Any CPU
		{7B5CE1FB-1F07-4EB2-BC38-CA473CAF9204}.Release|Any CPU.Build.0 = Release|Any CPU
		{144664A5-9B93-4A63-BE63-EB7F26714F46}.Debug|Any CPU.ActiveCfg = Debug|Any CPU
		{144664A5-9B93-4A63-BE63-EB7F26714F46}.Debug|Any CPU.Build.0 = Debug|Any CPU
		{144664A5-9B93-4A63-BE63-EB7F26714F46}.Release|Any CPU.ActiveCfg = Release|Any CPU
		{144664A5-9B93-4A63-BE63-EB7F26714F46}.Release|Any CPU.Build.0 = Release|Any CPU
		{7C2E5245-71A1-40E6-8A7E-B7909E32648A}.Debug|Any CPU.ActiveCfg = Debug|Any CPU
		{7C2E5245-71A1-40E6-8A7E-B7909E32648A}.Debug|Any CPU.Build.0 = Debug|Any CPU
		{7C2E5245-71A1-40E6-8A7E-B7909E32648A}.Release|Any CPU.ActiveCfg = Release|Any CPU
		{7C2E5245-71A1-40E6-8A7E-B7909E32648A}.Release|Any CPU.Build.0 = Release|Any CPU
		{33B548E3-31F8-484B-968A-BA27AFE29985}.Debug|Any CPU.ActiveCfg = Debug|Any CPU
		{33B548E3-31F8-484B-968A-BA27AFE29985}.Debug|Any CPU.Build.0 = Debug|Any CPU
		{33B548E3-31F8-484B-968A-BA27AFE29985}.Release|Any CPU.ActiveCfg = Release|Any CPU
		{33B548E3-31F8-484B-968A-BA27AFE29985}.Release|Any CPU.Build.0 = Release|Any CPU
		{3904437E-A42E-4AE7-A13A-68D302E360CC}.Debug|Any CPU.ActiveCfg = Debug|Any CPU
		{3904437E-A42E-4AE7-A13A-68D302E360CC}.Debug|Any CPU.Build.0 = Debug|Any CPU
		{3904437E-A42E-4AE7-A13A-68D302E360CC}.Release|Any CPU.ActiveCfg = Release|Any CPU
		{3904437E-A42E-4AE7-A13A-68D302E360CC}.Release|Any CPU.Build.0 = Release|Any CPU
		{D03E2EB0-D558-4FB5-8E0B-2E7AA7010AD4}.Debug|Any CPU.ActiveCfg = Debug|Any CPU
		{D03E2EB0-D558-4FB5-8E0B-2E7AA7010AD4}.Debug|Any CPU.Build.0 = Debug|Any CPU
		{D03E2EB0-D558-4FB5-8E0B-2E7AA7010AD4}.Release|Any CPU.ActiveCfg = Release|Any CPU
		{D03E2EB0-D558-4FB5-8E0B-2E7AA7010AD4}.Release|Any CPU.Build.0 = Release|Any CPU
		{081B29D8-7A96-4A6D-AFB6-961737A17125}.Debug|Any CPU.ActiveCfg = Debug|Any CPU
		{081B29D8-7A96-4A6D-AFB6-961737A17125}.Debug|Any CPU.Build.0 = Debug|Any CPU
		{081B29D8-7A96-4A6D-AFB6-961737A17125}.Release|Any CPU.ActiveCfg = Release|Any CPU
		{081B29D8-7A96-4A6D-AFB6-961737A17125}.Release|Any CPU.Build.0 = Release|Any CPU
		{D9623A01-B6D5-4BAB-B5D0-F692750BC0A3}.Debug|Any CPU.ActiveCfg = Debug|Any CPU
		{D9623A01-B6D5-4BAB-B5D0-F692750BC0A3}.Debug|Any CPU.Build.0 = Debug|Any CPU
		{D9623A01-B6D5-4BAB-B5D0-F692750BC0A3}.Release|Any CPU.ActiveCfg = Release|Any CPU
		{D9623A01-B6D5-4BAB-B5D0-F692750BC0A3}.Release|Any CPU.Build.0 = Release|Any CPU
		{00053455-EE52-4EFB-973D-A2DB87AFA791}.Debug|Any CPU.ActiveCfg = Debug|Any CPU
		{00053455-EE52-4EFB-973D-A2DB87AFA791}.Debug|Any CPU.Build.0 = Debug|Any CPU
		{00053455-EE52-4EFB-973D-A2DB87AFA791}.Release|Any CPU.ActiveCfg = Release|Any CPU
		{00053455-EE52-4EFB-973D-A2DB87AFA791}.Release|Any CPU.Build.0 = Release|Any CPU
	EndGlobalSection
EndGlobal
